// !$*UTF8*$!
{
	archiveVersion = 1;
	classes = {
	};
	objectVersion = 50;
	objects = {

/* Begin PBXBuildFile section */
		812AAE1A24B7221B00E8AFFF /* WebKit.framework in Frameworks */ = {isa = PBXBuildFile; fileRef = 812AAE1924B7221B00E8AFFF /* WebKit.framework */; };
		81BF218824B7098F004596B4 /* AppDelegate.m in Sources */ = {isa = PBXBuildFile; fileRef = 81BF218724B7098F004596B4 /* AppDelegate.m */; };
		81BF218B24B7098F004596B4 /* SceneDelegate.m in Sources */ = {isa = PBXBuildFile; fileRef = 81BF218A24B7098F004596B4 /* SceneDelegate.m */; };
		81BF218E24B7098F004596B4 /* ViewController.m in Sources */ = {isa = PBXBuildFile; fileRef = 81BF218D24B7098F004596B4 /* ViewController.m */; };
		81BF219124B7098F004596B4 /* Main.storyboard in Resources */ = {isa = PBXBuildFile; fileRef = 81BF218F24B7098F004596B4 /* Main.storyboard */; };
		81BF219324B70992004596B4 /* Assets.xcassets in Resources */ = {isa = PBXBuildFile; fileRef = 81BF219224B70992004596B4 /* Assets.xcassets */; };
		81BF219624B70992004596B4 /* LaunchScreen.storyboard in Resources */ = {isa = PBXBuildFile; fileRef = 81BF219424B70992004596B4 /* LaunchScreen.storyboard */; };
		81BF219924B70992004596B4 /* main.m in Sources */ = {isa = PBXBuildFile; fileRef = 81BF219824B70992004596B4 /* main.m */; };
		81BF21A324B70992004596B4 /* DynamicH5Tests.m in Sources */ = {isa = PBXBuildFile; fileRef = 81BF21A224B70992004596B4 /* DynamicH5Tests.m */; };
		81BF21AE24B70992004596B4 /* DynamicH5UITests.m in Sources */ = {isa = PBXBuildFile; fileRef = 81BF21AD24B70992004596B4 /* DynamicH5UITests.m */; };
/* End PBXBuildFile section */

/* Begin PBXContainerItemProxy section */
		81BF219F24B70992004596B4 /* PBXContainerItemProxy */ = {
			isa = PBXContainerItemProxy;
			containerPortal = 81BF217B24B7098F004596B4 /* Project object */;
			proxyType = 1;
			remoteGlobalIDString = 81BF218224B7098F004596B4;
			remoteInfo = DynamicH5;
		};
		81BF21AA24B70992004596B4 /* PBXContainerItemProxy */ = {
			isa = PBXContainerItemProxy;
			containerPortal = 81BF217B24B7098F004596B4 /* Project object */;
			proxyType = 1;
			remoteGlobalIDString = 81BF218224B7098F004596B4;
			remoteInfo = DynamicH5;
		};
/* End PBXContainerItemProxy section */

/* Begin PBXFileReference section */
		812AAE1924B7221B00E8AFFF /* WebKit.framework */ = {isa = PBXFileReference; lastKnownFileType = wrapper.framework; name = WebKit.framework; path = System/Library/Frameworks/WebKit.framework; sourceTree = SDKROOT; };
		81BF218324B7098F004596B4 /* DynamicH5.app */ = {isa = PBXFileReference; explicitFileType = wrapper.application; includeInIndex = 0; path = DynamicH5.app; sourceTree = BUILT_PRODUCTS_DIR; };
		81BF218624B7098F004596B4 /* AppDelegate.h */ = {isa = PBXFileReference; lastKnownFileType = sourcecode.c.h; path = AppDelegate.h; sourceTree = "<group>"; };
		81BF218724B7098F004596B4 /* AppDelegate.m */ = {isa = PBXFileReference; lastKnownFileType = sourcecode.c.objc; path = AppDelegate.m; sourceTree = "<group>"; };
		81BF218924B7098F004596B4 /* SceneDelegate.h */ = {isa = PBXFileReference; lastKnownFileType = sourcecode.c.h; path = SceneDelegate.h; sourceTree = "<group>"; };
		81BF218A24B7098F004596B4 /* SceneDelegate.m */ = {isa = PBXFileReference; lastKnownFileType = sourcecode.c.objc; path = SceneDelegate.m; sourceTree = "<group>"; };
		81BF218C24B7098F004596B4 /* ViewController.h */ = {isa = PBXFileReference; lastKnownFileType = sourcecode.c.h; path = ViewController.h; sourceTree = "<group>"; };
		81BF218D24B7098F004596B4 /* ViewController.m */ = {isa = PBXFileReference; lastKnownFileType = sourcecode.c.objc; path = ViewController.m; sourceTree = "<group>"; };
		81BF219024B7098F004596B4 /* Base */ = {isa = PBXFileReference; lastKnownFileType = file.storyboard; name = Base; path = Base.lproj/Main.storyboard; sourceTree = "<group>"; };
		81BF219224B70992004596B4 /* Assets.xcassets */ = {isa = PBXFileReference; lastKnownFileType = folder.assetcatalog; path = Assets.xcassets; sourceTree = "<group>"; };
		81BF219524B70992004596B4 /* Base */ = {isa = PBXFileReference; lastKnownFileType = file.storyboard; name = Base; path = Base.lproj/LaunchScreen.storyboard; sourceTree = "<group>"; };
		81BF219724B70992004596B4 /* Info.plist */ = {isa = PBXFileReference; lastKnownFileType = text.plist.xml; path = Info.plist; sourceTree = "<group>"; };
		81BF219824B70992004596B4 /* main.m */ = {isa = PBXFileReference; lastKnownFileType = sourcecode.c.objc; path = main.m; sourceTree = "<group>"; };
		81BF219E24B70992004596B4 /* DynamicH5Tests.xctest */ = {isa = PBXFileReference; explicitFileType = wrapper.cfbundle; includeInIndex = 0; path = DynamicH5Tests.xctest; sourceTree = BUILT_PRODUCTS_DIR; };
		81BF21A224B70992004596B4 /* DynamicH5Tests.m */ = {isa = PBXFileReference; lastKnownFileType = sourcecode.c.objc; path = DynamicH5Tests.m; sourceTree = "<group>"; };
		81BF21A424B70992004596B4 /* Info.plist */ = {isa = PBXFileReference; lastKnownFileType = text.plist.xml; path = Info.plist; sourceTree = "<group>"; };
		81BF21A924B70992004596B4 /* DynamicH5UITests.xctest */ = {isa = PBXFileReference; explicitFileType = wrapper.cfbundle; includeInIndex = 0; path = DynamicH5UITests.xctest; sourceTree = BUILT_PRODUCTS_DIR; };
		81BF21AD24B70992004596B4 /* DynamicH5UITests.m */ = {isa = PBXFileReference; lastKnownFileType = sourcecode.c.objc; path = DynamicH5UITests.m; sourceTree = "<group>"; };
		81BF21AF24B70992004596B4 /* Info.plist */ = {isa = PBXFileReference; lastKnownFileType = text.plist.xml; path = Info.plist; sourceTree = "<group>"; };
/* End PBXFileReference section */

/* Begin PBXFrameworksBuildPhase section */
		81BF218024B7098F004596B4 /* Frameworks */ = {
			isa = PBXFrameworksBuildPhase;
			buildActionMask = 2147483647;
			files = (
				812AAE1A24B7221B00E8AFFF /* WebKit.framework in Frameworks */,
			);
			runOnlyForDeploymentPostprocessing = 0;
		};
		81BF219B24B70992004596B4 /* Frameworks */ = {
			isa = PBXFrameworksBuildPhase;
			buildActionMask = 2147483647;
			files = (
			);
			runOnlyForDeploymentPostprocessing = 0;
		};
		81BF21A624B70992004596B4 /* Frameworks */ = {
			isa = PBXFrameworksBuildPhase;
			buildActionMask = 2147483647;
			files = (
			);
			runOnlyForDeploymentPostprocessing = 0;
		};
/* End PBXFrameworksBuildPhase section */

/* Begin PBXGroup section */
		812AAE1824B7221B00E8AFFF /* Frameworks */ = {
			isa = PBXGroup;
			children = (
				812AAE1924B7221B00E8AFFF /* WebKit.framework */,
			);
			name = Frameworks;
			sourceTree = "<group>";
		};
		81BF217A24B7098F004596B4 = {
			isa = PBXGroup;
			children = (
				81BF218524B7098F004596B4 /* DynamicH5 */,
				81BF21A124B70992004596B4 /* DynamicH5Tests */,
				81BF21AC24B70992004596B4 /* DynamicH5UITests */,
				81BF218424B7098F004596B4 /* Products */,
				812AAE1824B7221B00E8AFFF /* Frameworks */,
			);
			sourceTree = "<group>";
		};
		81BF218424B7098F004596B4 /* Products */ = {
			isa = PBXGroup;
			children = (
				81BF218324B7098F004596B4 /* DynamicH5.app */,
				81BF219E24B70992004596B4 /* DynamicH5Tests.xctest */,
				81BF21A924B70992004596B4 /* DynamicH5UITests.xctest */,
			);
			name = Products;
			sourceTree = "<group>";
		};
		81BF218524B7098F004596B4 /* DynamicH5 */ = {
			isa = PBXGroup;
			children = (
				81BF218624B7098F004596B4 /* AppDelegate.h */,
				81BF218724B7098F004596B4 /* AppDelegate.m */,
				81BF218924B7098F004596B4 /* SceneDelegate.h */,
				81BF218A24B7098F004596B4 /* SceneDelegate.m */,
				81BF218C24B7098F004596B4 /* ViewController.h */,
				81BF218D24B7098F004596B4 /* ViewController.m */,
				81BF218F24B7098F004596B4 /* Main.storyboard */,
				81BF219224B70992004596B4 /* Assets.xcassets */,
				81BF219424B70992004596B4 /* LaunchScreen.storyboard */,
				81BF219724B70992004596B4 /* Info.plist */,
				81BF219824B70992004596B4 /* main.m */,
			);
			path = DynamicH5;
			sourceTree = "<group>";
		};
		81BF21A124B70992004596B4 /* DynamicH5Tests */ = {
			isa = PBXGroup;
			children = (
				81BF21A224B70992004596B4 /* DynamicH5Tests.m */,
				81BF21A424B70992004596B4 /* Info.plist */,
			);
			path = DynamicH5Tests;
			sourceTree = "<group>";
		};
		81BF21AC24B70992004596B4 /* DynamicH5UITests */ = {
			isa = PBXGroup;
			children = (
				81BF21AD24B70992004596B4 /* DynamicH5UITests.m */,
				81BF21AF24B70992004596B4 /* Info.plist */,
			);
			path = DynamicH5UITests;
			sourceTree = "<group>";
		};
/* End PBXGroup section */

/* Begin PBXNativeTarget section */
		81BF218224B7098F004596B4 /* DynamicH5 */ = {
			isa = PBXNativeTarget;
			buildConfigurationList = 81BF21B224B70992004596B4 /* Build configuration list for PBXNativeTarget "DynamicH5" */;
			buildPhases = (
				81BF217F24B7098F004596B4 /* Sources */,
				81BF218024B7098F004596B4 /* Frameworks */,
				81BF218124B7098F004596B4 /* Resources */,
			);
			buildRules = (
			);
			dependencies = (
			);
			name = DynamicH5;
			productName = DynamicH5;
			productReference = 81BF218324B7098F004596B4 /* DynamicH5.app */;
			productType = "com.apple.product-type.application";
		};
		81BF219D24B70992004596B4 /* DynamicH5Tests */ = {
			isa = PBXNativeTarget;
			buildConfigurationList = 81BF21B524B70992004596B4 /* Build configuration list for PBXNativeTarget "DynamicH5Tests" */;
			buildPhases = (
				81BF219A24B70992004596B4 /* Sources */,
				81BF219B24B70992004596B4 /* Frameworks */,
				81BF219C24B70992004596B4 /* Resources */,
			);
			buildRules = (
			);
			dependencies = (
				81BF21A024B70992004596B4 /* PBXTargetDependency */,
			);
			name = DynamicH5Tests;
			productName = DynamicH5Tests;
			productReference = 81BF219E24B70992004596B4 /* DynamicH5Tests.xctest */;
			productType = "com.apple.product-type.bundle.unit-test";
		};
		81BF21A824B70992004596B4 /* DynamicH5UITests */ = {
			isa = PBXNativeTarget;
			buildConfigurationList = 81BF21B824B70992004596B4 /* Build configuration list for PBXNativeTarget "DynamicH5UITests" */;
			buildPhases = (
				81BF21A524B70992004596B4 /* Sources */,
				81BF21A624B70992004596B4 /* Frameworks */,
				81BF21A724B70992004596B4 /* Resources */,
			);
			buildRules = (
			);
			dependencies = (
				81BF21AB24B70992004596B4 /* PBXTargetDependency */,
			);
			name = DynamicH5UITests;
			productName = DynamicH5UITests;
			productReference = 81BF21A924B70992004596B4 /* DynamicH5UITests.xctest */;
			productType = "com.apple.product-type.bundle.ui-testing";
		};
/* End PBXNativeTarget section */

/* Begin PBXProject section */
		81BF217B24B7098F004596B4 /* Project object */ = {
			isa = PBXProject;
			attributes = {
				LastUpgradeCheck = 1150;
				ORGANIZATIONNAME = zzyong;
				TargetAttributes = {
					81BF218224B7098F004596B4 = {
						CreatedOnToolsVersion = 11.5;
					};
					81BF219D24B70992004596B4 = {
						CreatedOnToolsVersion = 11.5;
						TestTargetID = 81BF218224B7098F004596B4;
					};
					81BF21A824B70992004596B4 = {
						CreatedOnToolsVersion = 11.5;
						TestTargetID = 81BF218224B7098F004596B4;
					};
				};
			};
			buildConfigurationList = 81BF217E24B7098F004596B4 /* Build configuration list for PBXProject "DynamicH5" */;
			compatibilityVersion = "Xcode 9.3";
			developmentRegion = en;
			hasScannedForEncodings = 0;
			knownRegions = (
				en,
				Base,
			);
			mainGroup = 81BF217A24B7098F004596B4;
			productRefGroup = 81BF218424B7098F004596B4 /* Products */;
			projectDirPath = "";
			projectRoot = "";
			targets = (
				81BF218224B7098F004596B4 /* DynamicH5 */,
				81BF219D24B70992004596B4 /* DynamicH5Tests */,
				81BF21A824B70992004596B4 /* DynamicH5UITests */,
			);
		};
/* End PBXProject section */

/* Begin PBXResourcesBuildPhase section */
		81BF218124B7098F004596B4 /* Resources */ = {
			isa = PBXResourcesBuildPhase;
			buildActionMask = 2147483647;
			files = (
				81BF219624B70992004596B4 /* LaunchScreen.storyboard in Resources */,
				81BF219324B70992004596B4 /* Assets.xcassets in Resources */,
				81BF219124B7098F004596B4 /* Main.storyboard in Resources */,
			);
			runOnlyForDeploymentPostprocessing = 0;
		};
		81BF219C24B70992004596B4 /* Resources */ = {
			isa = PBXResourcesBuildPhase;
			buildActionMask = 2147483647;
			files = (
			);
			runOnlyForDeploymentPostprocessing = 0;
		};
		81BF21A724B70992004596B4 /* Resources */ = {
			isa = PBXResourcesBuildPhase;
			buildActionMask = 2147483647;
			files = (
			);
			runOnlyForDeploymentPostprocessing = 0;
		};
/* End PBXResourcesBuildPhase section */

/* Begin PBXSourcesBuildPhase section */
		81BF217F24B7098F004596B4 /* Sources */ = {
			isa = PBXSourcesBuildPhase;
			buildActionMask = 2147483647;
			files = (
				81BF218E24B7098F004596B4 /* ViewController.m in Sources */,
				81BF218824B7098F004596B4 /* AppDelegate.m in Sources */,
				81BF219924B70992004596B4 /* main.m in Sources */,
				81BF218B24B7098F004596B4 /* SceneDelegate.m in Sources */,
			);
			runOnlyForDeploymentPostprocessing = 0;
		};
		81BF219A24B70992004596B4 /* Sources */ = {
			isa = PBXSourcesBuildPhase;
			buildActionMask = 2147483647;
			files = (
				81BF21A324B70992004596B4 /* DynamicH5Tests.m in Sources */,
			);
			runOnlyForDeploymentPostprocessing = 0;
		};
		81BF21A524B70992004596B4 /* Sources */ = {
			isa = PBXSourcesBuildPhase;
			buildActionMask = 2147483647;
			files = (
				81BF21AE24B70992004596B4 /* DynamicH5UITests.m in Sources */,
			);
			runOnlyForDeploymentPostprocessing = 0;
		};
/* End PBXSourcesBuildPhase section */

/* Begin PBXTargetDependency section */
		81BF21A024B70992004596B4 /* PBXTargetDependency */ = {
			isa = PBXTargetDependency;
			target = 81BF218224B7098F004596B4 /* DynamicH5 */;
			targetProxy = 81BF219F24B70992004596B4 /* PBXContainerItemProxy */;
		};
		81BF21AB24B70992004596B4 /* PBXTargetDependency */ = {
			isa = PBXTargetDependency;
			target = 81BF218224B7098F004596B4 /* DynamicH5 */;
			targetProxy = 81BF21AA24B70992004596B4 /* PBXContainerItemProxy */;
		};
/* End PBXTargetDependency section */

/* Begin PBXVariantGroup section */
		81BF218F24B7098F004596B4 /* Main.storyboard */ = {
			isa = PBXVariantGroup;
			children = (
				81BF219024B7098F004596B4 /* Base */,
			);
			name = Main.storyboard;
			sourceTree = "<group>";
		};
		81BF219424B70992004596B4 /* LaunchScreen.storyboard */ = {
			isa = PBXVariantGroup;
			children = (
				81BF219524B70992004596B4 /* Base */,
			);
			name = LaunchScreen.storyboard;
			sourceTree = "<group>";
		};
/* End PBXVariantGroup section */

/* Begin XCBuildConfiguration section */
		81BF21B024B70992004596B4 /* Debug */ = {
			isa = XCBuildConfiguration;
			buildSettings = {
				ALWAYS_SEARCH_USER_PATHS = NO;
				CLANG_ANALYZER_NONNULL = YES;
				CLANG_ANALYZER_NUMBER_OBJECT_CONVERSION = YES_AGGRESSIVE;
				CLANG_CXX_LANGUAGE_STANDARD = "gnu++14";
				CLANG_CXX_LIBRARY = "libc++";
				CLANG_ENABLE_MODULES = YES;
				CLANG_ENABLE_OBJC_ARC = YES;
				CLANG_ENABLE_OBJC_WEAK = YES;
				CLANG_WARN_BLOCK_CAPTURE_AUTORELEASING = YES;
				CLANG_WARN_BOOL_CONVERSION = YES;
				CLANG_WARN_COMMA = YES;
				CLANG_WARN_CONSTANT_CONVERSION = YES;
				CLANG_WARN_DEPRECATED_OBJC_IMPLEMENTATIONS = YES;
				CLANG_WARN_DIRECT_OBJC_ISA_USAGE = YES_ERROR;
				CLANG_WARN_DOCUMENTATION_COMMENTS = YES;
				CLANG_WARN_EMPTY_BODY = YES;
				CLANG_WARN_ENUM_CONVERSION = YES;
				CLANG_WARN_INFINITE_RECURSION = YES;
				CLANG_WARN_INT_CONVERSION = YES;
				CLANG_WARN_NON_LITERAL_NULL_CONVERSION = YES;
				CLANG_WARN_OBJC_IMPLICIT_RETAIN_SELF = YES;
				CLANG_WARN_OBJC_LITERAL_CONVERSION = YES;
				CLANG_WARN_OBJC_ROOT_CLASS = YES_ERROR;
				CLANG_WARN_RANGE_LOOP_ANALYSIS = YES;
				CLANG_WARN_STRICT_PROTOTYPES = YES;
				CLANG_WARN_SUSPICIOUS_MOVE = YES;
				CLANG_WARN_UNGUARDED_AVAILABILITY = YES_AGGRESSIVE;
				CLANG_WARN_UNREACHABLE_CODE = YES;
				CLANG_WARN__DUPLICATE_METHOD_MATCH = YES;
				COPY_PHASE_STRIP = NO;
				DEBUG_INFORMATION_FORMAT = dwarf;
				ENABLE_STRICT_OBJC_MSGSEND = YES;
				ENABLE_TESTABILITY = YES;
				GCC_C_LANGUAGE_STANDARD = gnu11;
				GCC_DYNAMIC_NO_PIC = NO;
				GCC_NO_COMMON_BLOCKS = YES;
				GCC_OPTIMIZATION_LEVEL = 0;
				GCC_PREPROCESSOR_DEFINITIONS = (
					"DEBUG=1",
					"$(inherited)",
				);
				GCC_WARN_64_TO_32_BIT_CONVERSION = YES;
				GCC_WARN_ABOUT_RETURN_TYPE = YES_ERROR;
				GCC_WARN_UNDECLARED_SELECTOR = YES;
				GCC_WARN_UNINITIALIZED_AUTOS = YES_AGGRESSIVE;
				GCC_WARN_UNUSED_FUNCTION = YES;
				GCC_WARN_UNUSED_VARIABLE = YES;
				IPHONEOS_DEPLOYMENT_TARGET = 13.5;
				MTL_ENABLE_DEBUG_INFO = INCLUDE_SOURCE;
				MTL_FAST_MATH = YES;
				ONLY_ACTIVE_ARCH = YES;
				SDKROOT = iphoneos;
			};
			name = Debug;
		};
		81BF21B124B70992004596B4 /* Release */ = {
			isa = XCBuildConfiguration;
			buildSettings = {
				ALWAYS_SEARCH_USER_PATHS = NO;
				CLANG_ANALYZER_NONNULL = YES;
				CLANG_ANALYZER_NUMBER_OBJECT_CONVERSION = YES_AGGRESSIVE;
				CLANG_CXX_LANGUAGE_STANDARD = "gnu++14";
				CLANG_CXX_LIBRARY = "libc++";
				CLANG_ENABLE_MODULES = YES;
				CLANG_ENABLE_OBJC_ARC = YES;
				CLANG_ENABLE_OBJC_WEAK = YES;
				CLANG_WARN_BLOCK_CAPTURE_AUTORELEASING = YES;
				CLANG_WARN_BOOL_CONVERSION = YES;
				CLANG_WARN_COMMA = YES;
				CLANG_WARN_CONSTANT_CONVERSION = YES;
				CLANG_WARN_DEPRECATED_OBJC_IMPLEMENTATIONS = YES;
				CLANG_WARN_DIRECT_OBJC_ISA_USAGE = YES_ERROR;
				CLANG_WARN_DOCUMENTATION_COMMENTS = YES;
				CLANG_WARN_EMPTY_BODY = YES;
				CLANG_WARN_ENUM_CONVERSION = YES;
				CLANG_WARN_INFINITE_RECURSION = YES;
				CLANG_WARN_INT_CONVERSION = YES;
				CLANG_WARN_NON_LITERAL_NULL_CONVERSION = YES;
				CLANG_WARN_OBJC_IMPLICIT_RETAIN_SELF = YES;
				CLANG_WARN_OBJC_LITERAL_CONVERSION = YES;
				CLANG_WARN_OBJC_ROOT_CLASS = YES_ERROR;
				CLANG_WARN_RANGE_LOOP_ANALYSIS = YES;
				CLANG_WARN_STRICT_PROTOTYPES = YES;
				CLANG_WARN_SUSPICIOUS_MOVE = YES;
				CLANG_WARN_UNGUARDED_AVAILABILITY = YES_AGGRESSIVE;
				CLANG_WARN_UNREACHABLE_CODE = YES;
				CLANG_WARN__DUPLICATE_METHOD_MATCH = YES;
				COPY_PHASE_STRIP = NO;
				DEBUG_INFORMATION_FORMAT = "dwarf-with-dsym";
				ENABLE_NS_ASSERTIONS = NO;
				ENABLE_STRICT_OBJC_MSGSEND = YES;
				GCC_C_LANGUAGE_STANDARD = gnu11;
				GCC_NO_COMMON_BLOCKS = YES;
				GCC_WARN_64_TO_32_BIT_CONVERSION = YES;
				GCC_WARN_ABOUT_RETURN_TYPE = YES_ERROR;
				GCC_WARN_UNDECLARED_SELECTOR = YES;
				GCC_WARN_UNINITIALIZED_AUTOS = YES_AGGRESSIVE;
				GCC_WARN_UNUSED_FUNCTION = YES;
				GCC_WARN_UNUSED_VARIABLE = YES;
				IPHONEOS_DEPLOYMENT_TARGET = 13.5;
				MTL_ENABLE_DEBUG_INFO = NO;
				MTL_FAST_MATH = YES;
				SDKROOT = iphoneos;
				VALIDATE_PRODUCT = YES;
			};
			name = Release;
		};
		81BF21B324B70992004596B4 /* Debug */ = {
			isa = XCBuildConfiguration;
			buildSettings = {
				ASSETCATALOG_COMPILER_APPICON_NAME = AppIcon;
				CODE_SIGN_STYLE = Automatic;
				INFOPLIST_FILE = DynamicH5/Info.plist;
				IPHONEOS_DEPLOYMENT_TARGET = 13.0;
				LD_RUNPATH_SEARCH_PATHS = (
					"$(inherited)",
					"@executable_path/Frameworks",
				);
				PRODUCT_BUNDLE_IDENTIFIER = zzyong.DynamicH5;
				PRODUCT_NAME = "$(TARGET_NAME)";
				TARGETED_DEVICE_FAMILY = "1,2";
			};
			name = Debug;
		};
		81BF21B424B70992004596B4 /* Release */ = {
			isa = XCBuildConfiguration;
			buildSettings = {
				ASSETCATALOG_COMPILER_APPICON_NAME = AppIcon;
				CODE_SIGN_STYLE = Automatic;
				INFOPLIST_FILE = DynamicH5/Info.plist;
				IPHONEOS_DEPLOYMENT_TARGET = 13.0;
				LD_RUNPATH_SEARCH_PATHS = (
					"$(inherited)",
					"@executable_path/Frameworks",
				);
				PRODUCT_BUNDLE_IDENTIFIER = zzyong.DynamicH5;
				PRODUCT_NAME = "$(TARGET_NAME)";
				TARGETED_DEVICE_FAMILY = "1,2";
			};
			name = Release;
		};
		81BF21B624B70992004596B4 /* Debug */ = {
			isa = XCBuildConfiguration;
			buildSettings = {
				BUNDLE_LOADER = "$(TEST_HOST)";
				CODE_SIGN_STYLE = Automatic;
				INFOPLIST_FILE = DynamicH5Tests/Info.plist;
				IPHONEOS_DEPLOYMENT_TARGET = 13.5;
				LD_RUNPATH_SEARCH_PATHS = (
					"$(inherited)",
					"@executable_path/Frameworks",
					"@loader_path/Frameworks",
				);
				PRODUCT_BUNDLE_IDENTIFIER = zzyong.DynamicH5Tests;
				PRODUCT_NAME = "$(TARGET_NAME)";
				TARGETED_DEVICE_FAMILY = "1,2";
				TEST_HOST = "$(BUILT_PRODUCTS_DIR)/DynamicH5.app/DynamicH5";
			};
			name = Debug;
		};
		81BF21B724B70992004596B4 /* Release */ = {
			isa = XCBuildConfiguration;
			buildSettings = {
				BUNDLE_LOADER = "$(TEST_HOST)";
				CODE_SIGN_STYLE = Automatic;
				INFOPLIST_FILE = DynamicH5Tests/Info.plist;
				IPHONEOS_DEPLOYMENT_TARGET = 13.5;
				LD_RUNPATH_SEARCH_PATHS = (
					"$(inherited)",
					"@executable_path/Frameworks",
					"@loader_path/Frameworks",
				);
				PRODUCT_BUNDLE_IDENTIFIER = zzyong.DynamicH5Tests;
				PRODUCT_NAME = "$(TARGET_NAME)";
				TARGETED_DEVICE_FAMILY = "1,2";
				TEST_HOST = "$(BUILT_PRODUCTS_DIR)/DynamicH5.app/DynamicH5";
			};
			name = Release;
		};
		81BF21B924B70992004596B4 /* Debug */ = {
			isa = XCBuildConfiguration;
			buildSettings = {
				CODE_SIGN_STYLE = Automatic;
				INFOPLIST_FILE = DynamicH5UITests/Info.plist;
				LD_RUNPATH_SEARCH_PATHS = (
					"$(inherited)",
					"@executable_path/Frameworks",
					"@loader_path/Frameworks",
				);
				PRODUCT_BUNDLE_IDENTIFIER = zzyong.DynamicH5UITests;
				PRODUCT_NAME = "$(TARGET_NAME)";
				TARGETED_DEVICE_FAMILY = "1,2";
				TEST_TARGET_NAME = DynamicH5;
			};
			name = Debug;
		};
		81BF21BA24B70992004596B4 /* Release */ = {
			isa = XCBuildConfiguration;
			buildSettings = {
				CODE_SIGN_STYLE = Automatic;
				INFOPLIST_FILE = DynamicH5UITests/Info.plist;
				LD_RUNPATH_SEARCH_PATHS = (
					"$(inherited)",
					"@executable_path/Frameworks",
					"@loader_path/Frameworks",
				);
				PRODUCT_BUNDLE_IDENTIFIER = zzyong.DynamicH5UITests;
				PRODUCT_NAME = "$(TARGET_NAME)";
				TARGETED_DEVICE_FAMILY = "1,2";
				TEST_TARGET_NAME = DynamicH5;
			};
			name = Release;
		};
/* End XCBuildConfiguration section */

/* Begin XCConfigurationList section */
		81BF217E24B7098F004596B4 /* Build configuration list for PBXProject "DynamicH5" */ = {
			isa = XCConfigurationList;
			buildConfigurations = (
				81BF21B024B70992004596B4 /* Debug */,
				81BF21B124B70992004596B4 /* Release */,
			);
			defaultConfigurationIsVisible = 0;
			defaultConfigurationName = Release;
		};
		81BF21B224B70992004596B4 /* Build configuration list for PBXNativeTarget "DynamicH5" */ = {
			isa = XCConfigurationList;
			buildConfigurations = (
				81BF21B324B70992004596B4 /* Debug */,
				81BF21B424B70992004596B4 /* Release */,
			);
			defaultConfigurationIsVisible = 0;
			defaultConfigurationName = Release;
		};
		81BF21B524B70992004596B4 /* Build configuration list for PBXNativeTarget "DynamicH5Tests" */ = {
			isa = XCConfigurationList;
			buildConfigurations = (
				81BF21B624B70992004596B4 /* Debug */,
				81BF21B724B70992004596B4 /* Release */,
			);
			defaultConfigurationIsVisible = 0;
			defaultConfigurationName = Release;
		};
		81BF21B824B70992004596B4 /* Build configuration list for PBXNativeTarget "DynamicH5UITests" */ = {
			isa = XCConfigurationList;
			buildConfigurations = (
				81BF21B924B70992004596B4 /* Debug */,
				81BF21BA24B70992004596B4 /* Release */,
			);
			defaultConfigurationIsVisible = 0;
			defaultConfigurationName = Release;
		};
/* End XCConfigurationList section */
	};
	rootObject = 81BF217B24B7098F004596B4 /* Project object */;
}
