// !$*UTF8*$!
{
	archiveVersion = 1;
	classes = {
	};
	objectVersion = 50;
	objects = {

/* Begin PBXBuildFile section */
		8115970B237E399500FDF8C6 /* AppDelegate.m in Sources */ = {isa = PBXBuildFile; fileRef = 8115970A237E399500FDF8C6 /* AppDelegate.m */; };
		8115970E237E399500FDF8C6 /* ViewController.m in Sources */ = {isa = PBXBuildFile; fileRef = 8115970D237E399500FDF8C6 /* ViewController.m */; };
		81159711237E399500FDF8C6 /* Main.storyboard in Resources */ = {isa = PBXBuildFile; fileRef = 8115970F237E399500FDF8C6 /* Main.storyboard */; };
		81159713237E399600FDF8C6 /* Assets.xcassets in Resources */ = {isa = PBXBuildFile; fileRef = 81159712237E399600FDF8C6 /* Assets.xcassets */; };
		81159716237E399600FDF8C6 /* LaunchScreen.storyboard in Resources */ = {isa = PBXBuildFile; fileRef = 81159714237E399600FDF8C6 /* LaunchScreen.storyboard */; };
		81159719237E399600FDF8C6 /* main.m in Sources */ = {isa = PBXBuildFile; fileRef = 81159718237E399600FDF8C6 /* main.m */; };
		81159723237E399600FDF8C6 /* TableViewCellWidthDemoTests.m in Sources */ = {isa = PBXBuildFile; fileRef = 81159722237E399600FDF8C6 /* TableViewCellWidthDemoTests.m */; };
		8115972E237E399600FDF8C6 /* TableViewCellWidthDemoUITests.m in Sources */ = {isa = PBXBuildFile; fileRef = 8115972D237E399600FDF8C6 /* TableViewCellWidthDemoUITests.m */; };
		8115973D237E3A7E00FDF8C6 /* TableViewCellInit.m in Sources */ = {isa = PBXBuildFile; fileRef = 8115973C237E3A7E00FDF8C6 /* TableViewCellInit.m */; };
		81159740237E3AB200FDF8C6 /* TableViewCellDequeue.m in Sources */ = {isa = PBXBuildFile; fileRef = 8115973F237E3AB200FDF8C6 /* TableViewCellDequeue.m */; };
/* End PBXBuildFile section */

/* Begin PBXContainerItemProxy section */
		8115971F237E399600FDF8C6 /* PBXContainerItemProxy */ = {
			isa = PBXContainerItemProxy;
			containerPortal = 811596FE237E399500FDF8C6 /* Project object */;
			proxyType = 1;
			remoteGlobalIDString = 81159705237E399500FDF8C6;
			remoteInfo = TableViewCellWidthDemo;
		};
		8115972A237E399600FDF8C6 /* PBXContainerItemProxy */ = {
			isa = PBXContainerItemProxy;
			containerPortal = 811596FE237E399500FDF8C6 /* Project object */;
			proxyType = 1;
			remoteGlobalIDString = 81159705237E399500FDF8C6;
			remoteInfo = TableViewCellWidthDemo;
		};
/* End PBXContainerItemProxy section */

/* Begin PBXFileReference section */
		81159706237E399500FDF8C6 /* TableViewCellWidthDemo.app */ = {isa = PBXFileReference; explicitFileType = wrapper.application; includeInIndex = 0; path = TableViewCellWidthDemo.app; sourceTree = BUILT_PRODUCTS_DIR; };
		81159709237E399500FDF8C6 /* AppDelegate.h */ = {isa = PBXFileReference; lastKnownFileType = sourcecode.c.h; path = AppDelegate.h; sourceTree = "<group>"; };
		8115970A237E399500FDF8C6 /* AppDelegate.m */ = {isa = PBXFileReference; lastKnownFileType = sourcecode.c.objc; path = AppDelegate.m; sourceTree = "<group>"; };
		8115970C237E399500FDF8C6 /* ViewController.h */ = {isa = PBXFileReference; lastKnownFileType = sourcecode.c.h; path = ViewController.h; sourceTree = "<group>"; };
		8115970D237E399500FDF8C6 /* ViewController.m */ = {isa = PBXFileReference; lastKnownFileType = sourcecode.c.objc; path = ViewController.m; sourceTree = "<group>"; };
		81159710237E399500FDF8C6 /* Base */ = {isa = PBXFileReference; lastKnownFileType = file.storyboard; name = Base; path = Base.lproj/Main.storyboard; sourceTree = "<group>"; };
		81159712237E399600FDF8C6 /* Assets.xcassets */ = {isa = PBXFileReference; lastKnownFileType = folder.assetcatalog; path = Assets.xcassets; sourceTree = "<group>"; };
		81159715237E399600FDF8C6 /* Base */ = {isa = PBXFileReference; lastKnownFileType = file.storyboard; name = Base; path = Base.lproj/LaunchScreen.storyboard; sourceTree = "<group>"; };
		81159717237E399600FDF8C6 /* Info.plist */ = {isa = PBXFileReference; lastKnownFileType = text.plist.xml; path = Info.plist; sourceTree = "<group>"; };
		81159718237E399600FDF8C6 /* main.m */ = {isa = PBXFileReference; lastKnownFileType = sourcecode.c.objc; path = main.m; sourceTree = "<group>"; };
		8115971E237E399600FDF8C6 /* TableViewCellWidthDemoTests.xctest */ = {isa = PBXFileReference; explicitFileType = wrapper.cfbundle; includeInIndex = 0; path = TableViewCellWidthDemoTests.xctest; sourceTree = BUILT_PRODUCTS_DIR; };
		81159722237E399600FDF8C6 /* TableViewCellWidthDemoTests.m */ = {isa = PBXFileReference; lastKnownFileType = sourcecode.c.objc; path = TableViewCellWidthDemoTests.m; sourceTree = "<group>"; };
		81159724237E399600FDF8C6 /* Info.plist */ = {isa = PBXFileReference; lastKnownFileType = text.plist.xml; path = Info.plist; sourceTree = "<group>"; };
		81159729237E399600FDF8C6 /* TableViewCellWidthDemoUITests.xctest */ = {isa = PBXFileReference; explicitFileType = wrapper.cfbundle; includeInIndex = 0; path = TableViewCellWidthDemoUITests.xctest; sourceTree = BUILT_PRODUCTS_DIR; };
		8115972D237E399600FDF8C6 /* TableViewCellWidthDemoUITests.m */ = {isa = PBXFileReference; lastKnownFileType = sourcecode.c.objc; path = TableViewCellWidthDemoUITests.m; sourceTree = "<group>"; };
		8115972F237E399600FDF8C6 /* Info.plist */ = {isa = PBXFileReference; lastKnownFileType = text.plist.xml; path = Info.plist; sourceTree = "<group>"; };
		8115973B237E3A7E00FDF8C6 /* TableViewCellInit.h */ = {isa = PBXFileReference; lastKnownFileType = sourcecode.c.h; path = TableViewCellInit.h; sourceTree = "<group>"; };
		8115973C237E3A7E00FDF8C6 /* TableViewCellInit.m */ = {isa = PBXFileReference; lastKnownFileType = sourcecode.c.objc; path = TableViewCellInit.m; sourceTree = "<group>"; };
		8115973E237E3AB200FDF8C6 /* TableViewCellDequeue.h */ = {isa = PBXFileReference; lastKnownFileType = sourcecode.c.h; path = TableViewCellDequeue.h; sourceTree = "<group>"; };
		8115973F237E3AB200FDF8C6 /* TableViewCellDequeue.m */ = {isa = PBXFileReference; lastKnownFileType = sourcecode.c.objc; path = TableViewCellDequeue.m; sourceTree = "<group>"; };
/* End PBXFileReference section */

/* Begin PBXFrameworksBuildPhase section */
		81159703237E399500FDF8C6 /* Frameworks */ = {
			isa = PBXFrameworksBuildPhase;
			buildActionMask = 2147483647;
			files = (
			);
			runOnlyForDeploymentPostprocessing = 0;
		};
		8115971B237E399600FDF8C6 /* Frameworks */ = {
			isa = PBXFrameworksBuildPhase;
			buildActionMask = 2147483647;
			files = (
			);
			runOnlyForDeploymentPostprocessing = 0;
		};
		81159726237E399600FDF8C6 /* Frameworks */ = {
			isa = PBXFrameworksBuildPhase;
			buildActionMask = 2147483647;
			files = (
			);
			runOnlyForDeploymentPostprocessing = 0;
		};
/* End PBXFrameworksBuildPhase section */

/* Begin PBXGroup section */
		811596FD237E399500FDF8C6 = {
			isa = PBXGroup;
			children = (
				81159708237E399500FDF8C6 /* TableViewCellWidthDemo */,
				81159721237E399600FDF8C6 /* TableViewCellWidthDemoTests */,
				8115972C237E399600FDF8C6 /* TableViewCellWidthDemoUITests */,
				81159707237E399500FDF8C6 /* Products */,
			);
			sourceTree = "<group>";
		};
		81159707237E399500FDF8C6 /* Products */ = {
			isa = PBXGroup;
			children = (
				81159706237E399500FDF8C6 /* TableViewCellWidthDemo.app */,
				8115971E237E399600FDF8C6 /* TableViewCellWidthDemoTests.xctest */,
				81159729237E399600FDF8C6 /* TableViewCellWidthDemoUITests.xctest */,
			);
			name = Products;
			sourceTree = "<group>";
		};
		81159708237E399500FDF8C6 /* TableViewCellWidthDemo */ = {
			isa = PBXGroup;
			children = (
				81159709237E399500FDF8C6 /* AppDelegate.h */,
				8115970A237E399500FDF8C6 /* AppDelegate.m */,
				8115970C237E399500FDF8C6 /* ViewController.h */,
				8115970D237E399500FDF8C6 /* ViewController.m */,
				8115970F237E399500FDF8C6 /* Main.storyboard */,
				81159712237E399600FDF8C6 /* Assets.xcassets */,
				81159714237E399600FDF8C6 /* LaunchScreen.storyboard */,
				81159717237E399600FDF8C6 /* Info.plist */,
				81159718237E399600FDF8C6 /* main.m */,
				8115973B237E3A7E00FDF8C6 /* TableViewCellInit.h */,
				8115973C237E3A7E00FDF8C6 /* TableViewCellInit.m */,
				8115973E237E3AB200FDF8C6 /* TableViewCellDequeue.h */,
				8115973F237E3AB200FDF8C6 /* TableViewCellDequeue.m */,
			);
			path = TableViewCellWidthDemo;
			sourceTree = "<group>";
		};
		81159721237E399600FDF8C6 /* TableViewCellWidthDemoTests */ = {
			isa = PBXGroup;
			children = (
				81159722237E399600FDF8C6 /* TableViewCellWidthDemoTests.m */,
				81159724237E399600FDF8C6 /* Info.plist */,
			);
			path = TableViewCellWidthDemoTests;
			sourceTree = "<group>";
		};
		8115972C237E399600FDF8C6 /* TableViewCellWidthDemoUITests */ = {
			isa = PBXGroup;
			children = (
				8115972D237E399600FDF8C6 /* TableViewCellWidthDemoUITests.m */,
				8115972F237E399600FDF8C6 /* Info.plist */,
			);
			path = TableViewCellWidthDemoUITests;
			sourceTree = "<group>";
		};
/* End PBXGroup section */

/* Begin PBXNativeTarget section */
		81159705237E399500FDF8C6 /* TableViewCellWidthDemo */ = {
			isa = PBXNativeTarget;
			buildConfigurationList = 81159732237E399600FDF8C6 /* Build configuration list for PBXNativeTarget "TableViewCellWidthDemo" */;
			buildPhases = (
				81159702237E399500FDF8C6 /* Sources */,
				81159703237E399500FDF8C6 /* Frameworks */,
				81159704237E399500FDF8C6 /* Resources */,
			);
			buildRules = (
			);
			dependencies = (
			);
			name = TableViewCellWidthDemo;
			productName = TableViewCellWidthDemo;
			productReference = 81159706237E399500FDF8C6 /* TableViewCellWidthDemo.app */;
			productType = "com.apple.product-type.application";
		};
		8115971D237E399600FDF8C6 /* TableViewCellWidthDemoTests */ = {
			isa = PBXNativeTarget;
			buildConfigurationList = 81159735237E399600FDF8C6 /* Build configuration list for PBXNativeTarget "TableViewCellWidthDemoTests" */;
			buildPhases = (
				8115971A237E399600FDF8C6 /* Sources */,
				8115971B237E399600FDF8C6 /* Frameworks */,
				8115971C237E399600FDF8C6 /* Resources */,
			);
			buildRules = (
			);
			dependencies = (
				81159720237E399600FDF8C6 /* PBXTargetDependency */,
			);
			name = TableViewCellWidthDemoTests;
			productName = TableViewCellWidthDemoTests;
			productReference = 8115971E237E399600FDF8C6 /* TableViewCellWidthDemoTests.xctest */;
			productType = "com.apple.product-type.bundle.unit-test";
		};
		81159728237E399600FDF8C6 /* TableViewCellWidthDemoUITests */ = {
			isa = PBXNativeTarget;
			buildConfigurationList = 81159738237E399600FDF8C6 /* Build configuration list for PBXNativeTarget "TableViewCellWidthDemoUITests" */;
			buildPhases = (
				81159725237E399600FDF8C6 /* Sources */,
				81159726237E399600FDF8C6 /* Frameworks */,
				81159727237E399600FDF8C6 /* Resources */,
			);
			buildRules = (
			);
			dependencies = (
				8115972B237E399600FDF8C6 /* PBXTargetDependency */,
			);
			name = TableViewCellWidthDemoUITests;
			productName = TableViewCellWidthDemoUITests;
			productReference = 81159729237E399600FDF8C6 /* TableViewCellWidthDemoUITests.xctest */;
			productType = "com.apple.product-type.bundle.ui-testing";
		};
/* End PBXNativeTarget section */

/* Begin PBXProject section */
		811596FE237E399500FDF8C6 /* Project object */ = {
			isa = PBXProject;
			attributes = {
				LastUpgradeCheck = 1020;
				ORGANIZATIONNAME = zzyong;
				TargetAttributes = {
					81159705237E399500FDF8C6 = {
						CreatedOnToolsVersion = 10.2;
					};
					8115971D237E399600FDF8C6 = {
						CreatedOnToolsVersion = 10.2;
						TestTargetID = 81159705237E399500FDF8C6;
					};
					81159728237E399600FDF8C6 = {
						CreatedOnToolsVersion = 10.2;
						TestTargetID = 81159705237E399500FDF8C6;
					};
				};
			};
			buildConfigurationList = 81159701237E399500FDF8C6 /* Build configuration list for PBXProject "TableViewCellWidthDemo" */;
			compatibilityVersion = "Xcode 9.3";
			developmentRegion = en;
			hasScannedForEncodings = 0;
			knownRegions = (
				en,
				Base,
			);
			mainGroup = 811596FD237E399500FDF8C6;
			productRefGroup = 81159707237E399500FDF8C6 /* Products */;
			projectDirPath = "";
			projectRoot = "";
			targets = (
				81159705237E399500FDF8C6 /* TableViewCellWidthDemo */,
				8115971D237E399600FDF8C6 /* TableViewCellWidthDemoTests */,
				81159728237E399600FDF8C6 /* TableViewCellWidthDemoUITests */,
			);
		};
/* End PBXProject section */

/* Begin PBXResourcesBuildPhase section */
		81159704237E399500FDF8C6 /* Resources */ = {
			isa = PBXResourcesBuildPhase;
			buildActionMask = 2147483647;
			files = (
				81159716237E399600FDF8C6 /* LaunchScreen.storyboard in Resources */,
				81159713237E399600FDF8C6 /* Assets.xcassets in Resources */,
				81159711237E399500FDF8C6 /* Main.storyboard in Resources */,
			);
			runOnlyForDeploymentPostprocessing = 0;
		};
		8115971C237E399600FDF8C6 /* Resources */ = {
			isa = PBXResourcesBuildPhase;
			buildActionMask = 2147483647;
			files = (
			);
			runOnlyForDeploymentPostprocessing = 0;
		};
		81159727237E399600FDF8C6 /* Resources */ = {
			isa = PBXResourcesBuildPhase;
			buildActionMask = 2147483647;
			files = (
			);
			runOnlyForDeploymentPostprocessing = 0;
		};
/* End PBXResourcesBuildPhase section */

/* Begin PBXSourcesBuildPhase section */
		81159702237E399500FDF8C6 /* Sources */ = {
			isa = PBXSourcesBuildPhase;
			buildActionMask = 2147483647;
			files = (
				81159740237E3AB200FDF8C6 /* TableViewCellDequeue.m in Sources */,
				8115970E237E399500FDF8C6 /* ViewController.m in Sources */,
				8115973D237E3A7E00FDF8C6 /* TableViewCellInit.m in Sources */,
				81159719237E399600FDF8C6 /* main.m in Sources */,
				8115970B237E399500FDF8C6 /* AppDelegate.m in Sources */,
			);
			runOnlyForDeploymentPostprocessing = 0;
		};
		8115971A237E399600FDF8C6 /* Sources */ = {
			isa = PBXSourcesBuildPhase;
			buildActionMask = 2147483647;
			files = (
				81159723237E399600FDF8C6 /* TableViewCellWidthDemoTests.m in Sources */,
			);
			runOnlyForDeploymentPostprocessing = 0;
		};
		81159725237E399600FDF8C6 /* Sources */ = {
			isa = PBXSourcesBuildPhase;
			buildActionMask = 2147483647;
			files = (
				8115972E237E399600FDF8C6 /* TableViewCellWidthDemoUITests.m in Sources */,
			);
			runOnlyForDeploymentPostprocessing = 0;
		};
/* End PBXSourcesBuildPhase section */

/* Begin PBXTargetDependency section */
		81159720237E399600FDF8C6 /* PBXTargetDependency */ = {
			isa = PBXTargetDependency;
			target = 81159705237E399500FDF8C6 /* TableViewCellWidthDemo */;
			targetProxy = 8115971F237E399600FDF8C6 /* PBXContainerItemProxy */;
		};
		8115972B237E399600FDF8C6 /* PBXTargetDependency */ = {
			isa = PBXTargetDependency;
			target = 81159705237E399500FDF8C6 /* TableViewCellWidthDemo */;
			targetProxy = 8115972A237E399600FDF8C6 /* PBXContainerItemProxy */;
		};
/* End PBXTargetDependency section */

/* Begin PBXVariantGroup section */
		8115970F237E399500FDF8C6 /* Main.storyboard */ = {
			isa = PBXVariantGroup;
			children = (
				81159710237E399500FDF8C6 /* Base */,
			);
			name = Main.storyboard;
			sourceTree = "<group>";
		};
		81159714237E399600FDF8C6 /* LaunchScreen.storyboard */ = {
			isa = PBXVariantGroup;
			children = (
				81159715237E399600FDF8C6 /* Base */,
			);
			name = LaunchScreen.storyboard;
			sourceTree = "<group>";
		};
/* End PBXVariantGroup section */

/* Begin XCBuildConfiguration section */
		81159730237E399600FDF8C6 /* Debug */ = {
			isa = XCBuildConfiguration;
			buildSettings = {
				ALWAYS_SEARCH_USER_PATHS = NO;
				CLANG_ANALYZER_NONNULL = YES;
				CLANG_ANALYZER_NUMBER_OBJECT_CONVERSION = YES_AGGRESSIVE;
				CLANG_CXX_LANGUAGE_STANDARD = "gnu++14";
				CLANG_CXX_LIBRARY = "libc++";
				CLANG_ENABLE_MODULES = YES;
				CLANG_ENABLE_OBJC_ARC = YES;
				CLANG_ENABLE_OBJC_WEAK = YES;
				CLANG_WARN_BLOCK_CAPTURE_AUTORELEASING = YES;
				CLANG_WARN_BOOL_CONVERSION = YES;
				CLANG_WARN_COMMA = YES;
				CLANG_WARN_CONSTANT_CONVERSION = YES;
				CLANG_WARN_DEPRECATED_OBJC_IMPLEMENTATIONS = YES;
				CLANG_WARN_DIRECT_OBJC_ISA_USAGE = YES_ERROR;
				CLANG_WARN_DOCUMENTATION_COMMENTS = YES;
				CLANG_WARN_EMPTY_BODY = YES;
				CLANG_WARN_ENUM_CONVERSION = YES;
				CLANG_WARN_INFINITE_RECURSION = YES;
				CLANG_WARN_INT_CONVERSION = YES;
				CLANG_WARN_NON_LITERAL_NULL_CONVERSION = YES;
				CLANG_WARN_OBJC_IMPLICIT_RETAIN_SELF = YES;
				CLANG_WARN_OBJC_LITERAL_CONVERSION = YES;
				CLANG_WARN_OBJC_ROOT_CLASS = YES_ERROR;
				CLANG_WARN_RANGE_LOOP_ANALYSIS = YES;
				CLANG_WARN_STRICT_PROTOTYPES = YES;
				CLANG_WARN_SUSPICIOUS_MOVE = YES;
				CLANG_WARN_UNGUARDED_AVAILABILITY = YES_AGGRESSIVE;
				CLANG_WARN_UNREACHABLE_CODE = YES;
				CLANG_WARN__DUPLICATE_METHOD_MATCH = YES;
				CODE_SIGN_IDENTITY = "iPhone Developer";
				COPY_PHASE_STRIP = NO;
				DEBUG_INFORMATION_FORMAT = dwarf;
				ENABLE_STRICT_OBJC_MSGSEND = YES;
				ENABLE_TESTABILITY = YES;
				GCC_C_LANGUAGE_STANDARD = gnu11;
				GCC_DYNAMIC_NO_PIC = NO;
				GCC_NO_COMMON_BLOCKS = YES;
				GCC_OPTIMIZATION_LEVEL = 0;
				GCC_PREPROCESSOR_DEFINITIONS = (
					"DEBUG=1",
					"$(inherited)",
				);
				GCC_WARN_64_TO_32_BIT_CONVERSION = YES;
				GCC_WARN_ABOUT_RETURN_TYPE = YES_ERROR;
				GCC_WARN_UNDECLARED_SELECTOR = YES;
				GCC_WARN_UNINITIALIZED_AUTOS = YES_AGGRESSIVE;
				GCC_WARN_UNUSED_FUNCTION = YES;
				GCC_WARN_UNUSED_VARIABLE = YES;
				IPHONEOS_DEPLOYMENT_TARGET = 12.2;
				MTL_ENABLE_DEBUG_INFO = INCLUDE_SOURCE;
				MTL_FAST_MATH = YES;
				ONLY_ACTIVE_ARCH = YES;
				SDKROOT = iphoneos;
			};
			name = Debug;
		};
		81159731237E399600FDF8C6 /* Release */ = {
			isa = XCBuildConfiguration;
			buildSettings = {
				ALWAYS_SEARCH_USER_PATHS = NO;
				CLANG_ANALYZER_NONNULL = YES;
				CLANG_ANALYZER_NUMBER_OBJECT_CONVERSION = YES_AGGRESSIVE;
				CLANG_CXX_LANGUAGE_STANDARD = "gnu++14";
				CLANG_CXX_LIBRARY = "libc++";
				CLANG_ENABLE_MODULES = YES;
				CLANG_ENABLE_OBJC_ARC = YES;
				CLANG_ENABLE_OBJC_WEAK = YES;
				CLANG_WARN_BLOCK_CAPTURE_AUTORELEASING = YES;
				CLANG_WARN_BOOL_CONVERSION = YES;
				CLANG_WARN_COMMA = YES;
				CLANG_WARN_CONSTANT_CONVERSION = YES;
				CLANG_WARN_DEPRECATED_OBJC_IMPLEMENTATIONS = YES;
				CLANG_WARN_DIRECT_OBJC_ISA_USAGE = YES_ERROR;
				CLANG_WARN_DOCUMENTATION_COMMENTS = YES;
				CLANG_WARN_EMPTY_BODY = YES;
				CLANG_WARN_ENUM_CONVERSION = YES;
				CLANG_WARN_INFINITE_RECURSION = YES;
				CLANG_WARN_INT_CONVERSION = YES;
				CLANG_WARN_NON_LITERAL_NULL_CONVERSION = YES;
				CLANG_WARN_OBJC_IMPLICIT_RETAIN_SELF = YES;
				CLANG_WARN_OBJC_LITERAL_CONVERSION = YES;
				CLANG_WARN_OBJC_ROOT_CLASS = YES_ERROR;
				CLANG_WARN_RANGE_LOOP_ANALYSIS = YES;
				CLANG_WARN_STRICT_PROTOTYPES = YES;
				CLANG_WARN_SUSPICIOUS_MOVE = YES;
				CLANG_WARN_UNGUARDED_AVAILABILITY = YES_AGGRESSIVE;
				CLANG_WARN_UNREACHABLE_CODE = YES;
				CLANG_WARN__DUPLICATE_METHOD_MATCH = YES;
				CODE_SIGN_IDENTITY = "iPhone Developer";
				COPY_PHASE_STRIP = NO;
				DEBUG_INFORMATION_FORMAT = "dwarf-with-dsym";
				ENABLE_NS_ASSERTIONS = NO;
				ENABLE_STRICT_OBJC_MSGSEND = YES;
				GCC_C_LANGUAGE_STANDARD = gnu11;
				GCC_NO_COMMON_BLOCKS = YES;
				GCC_WARN_64_TO_32_BIT_CONVERSION = YES;
				GCC_WARN_ABOUT_RETURN_TYPE = YES_ERROR;
				GCC_WARN_UNDECLARED_SELECTOR = YES;
				GCC_WARN_UNINITIALIZED_AUTOS = YES_AGGRESSIVE;
				GCC_WARN_UNUSED_FUNCTION = YES;
				GCC_WARN_UNUSED_VARIABLE = YES;
				IPHONEOS_DEPLOYMENT_TARGET = 12.2;
				MTL_ENABLE_DEBUG_INFO = NO;
				MTL_FAST_MATH = YES;
				SDKROOT = iphoneos;
				VALIDATE_PRODUCT = YES;
			};
			name = Release;
		};
		81159733237E399600FDF8C6 /* Debug */ = {
			isa = XCBuildConfiguration;
			buildSettings = {
				ASSETCATALOG_COMPILER_APPICON_NAME = AppIcon;
				CODE_SIGN_STYLE = Automatic;
				INFOPLIST_FILE = TableViewCellWidthDemo/Info.plist;
				IPHONEOS_DEPLOYMENT_TARGET = 11.0;
				LD_RUNPATH_SEARCH_PATHS = (
					"$(inherited)",
					"@executable_path/Frameworks",
				);
				PRODUCT_BUNDLE_IDENTIFIER = zzyong.TableViewCellWidthDemo;
				PRODUCT_NAME = "$(TARGET_NAME)";
				TARGETED_DEVICE_FAMILY = "1,2";
			};
			name = Debug;
		};
		81159734237E399600FDF8C6 /* Release */ = {
			isa = XCBuildConfiguration;
			buildSettings = {
				ASSETCATALOG_COMPILER_APPICON_NAME = AppIcon;
				CODE_SIGN_STYLE = Automatic;
				INFOPLIST_FILE = TableViewCellWidthDemo/Info.plist;
				IPHONEOS_DEPLOYMENT_TARGET = 11.0;
				LD_RUNPATH_SEARCH_PATHS = (
					"$(inherited)",
					"@executable_path/Frameworks",
				);
				PRODUCT_BUNDLE_IDENTIFIER = zzyong.TableViewCellWidthDemo;
				PRODUCT_NAME = "$(TARGET_NAME)";
				TARGETED_DEVICE_FAMILY = "1,2";
			};
			name = Release;
		};
		81159736237E399600FDF8C6 /* Debug */ = {
			isa = XCBuildConfiguration;
			buildSettings = {
				BUNDLE_LOADER = "$(TEST_HOST)";
				CODE_SIGN_STYLE = Automatic;
				INFOPLIST_FILE = TableViewCellWidthDemoTests/Info.plist;
				LD_RUNPATH_SEARCH_PATHS = (
					"$(inherited)",
					"@executable_path/Frameworks",
					"@loader_path/Frameworks",
				);
				PRODUCT_BUNDLE_IDENTIFIER = zzyong.TableViewCellWidthDemoTests;
				PRODUCT_NAME = "$(TARGET_NAME)";
				TARGETED_DEVICE_FAMILY = "1,2";
				TEST_HOST = "$(BUILT_PRODUCTS_DIR)/TableViewCellWidthDemo.app/TableViewCellWidthDemo";
			};
			name = Debug;
		};
		81159737237E399600FDF8C6 /* Release */ = {
			isa = XCBuildConfiguration;
			buildSettings = {
				BUNDLE_LOADER = "$(TEST_HOST)";
				CODE_SIGN_STYLE = Automatic;
				INFOPLIST_FILE = TableViewCellWidthDemoTests/Info.plist;
				LD_RUNPATH_SEARCH_PATHS = (
					"$(inherited)",
					"@executable_path/Frameworks",
					"@loader_path/Frameworks",
				);
				PRODUCT_BUNDLE_IDENTIFIER = zzyong.TableViewCellWidthDemoTests;
				PRODUCT_NAME = "$(TARGET_NAME)";
				TARGETED_DEVICE_FAMILY = "1,2";
				TEST_HOST = "$(BUILT_PRODUCTS_DIR)/TableViewCellWidthDemo.app/TableViewCellWidthDemo";
			};
			name = Release;
		};
		81159739237E399600FDF8C6 /* Debug */ = {
			isa = XCBuildConfiguration;
			buildSettings = {
				CODE_SIGN_STYLE = Automatic;
				INFOPLIST_FILE = TableViewCellWidthDemoUITests/Info.plist;
				LD_RUNPATH_SEARCH_PATHS = (
					"$(inherited)",
					"@executable_path/Frameworks",
					"@loader_path/Frameworks",
				);
				PRODUCT_BUNDLE_IDENTIFIER = zzyong.TableViewCellWidthDemoUITests;
				PRODUCT_NAME = "$(TARGET_NAME)";
				TARGETED_DEVICE_FAMILY = "1,2";
				TEST_TARGET_NAME = TableViewCellWidthDemo;
			};
			name = Debug;
		};
		8115973A237E399600FDF8C6 /* Release */ = {
			isa = XCBuildConfiguration;
			buildSettings = {
				CODE_SIGN_STYLE = Automatic;
				INFOPLIST_FILE = TableViewCellWidthDemoUITests/Info.plist;
				LD_RUNPATH_SEARCH_PATHS = (
					"$(inherited)",
					"@executable_path/Frameworks",
					"@loader_path/Frameworks",
				);
				PRODUCT_BUNDLE_IDENTIFIER = zzyong.TableViewCellWidthDemoUITests;
				PRODUCT_NAME = "$(TARGET_NAME)";
				TARGETED_DEVICE_FAMILY = "1,2";
				TEST_TARGET_NAME = TableViewCellWidthDemo;
			};
			name = Release;
		};
/* End XCBuildConfiguration section */

/* Begin XCConfigurationList section */
		81159701237E399500FDF8C6 /* Build configuration list for PBXProject "TableViewCellWidthDemo" */ = {
			isa = XCConfigurationList;
			buildConfigurations = (
				81159730237E399600FDF8C6 /* Debug */,
				81159731237E399600FDF8C6 /* Release */,
			);
			defaultConfigurationIsVisible = 0;
			defaultConfigurationName = Release;
		};
		81159732237E399600FDF8C6 /* Build configuration list for PBXNativeTarget "TableViewCellWidthDemo" */ = {
			isa = XCConfigurationList;
			buildConfigurations = (
				81159733237E399600FDF8C6 /* Debug */,
				81159734237E399600FDF8C6 /* Release */,
			);
			defaultConfigurationIsVisible = 0;
			defaultConfigurationName = Release;
		};
		81159735237E399600FDF8C6 /* Build configuration list for PBXNativeTarget "TableViewCellWidthDemoTests" */ = {
			isa = XCConfigurationList;
			buildConfigurations = (
				81159736237E399600FDF8C6 /* Debug */,
				81159737237E399600FDF8C6 /* Release */,
			);
			defaultConfigurationIsVisible = 0;
			defaultConfigurationName = Release;
		};
		81159738237E399600FDF8C6 /* Build configuration list for PBXNativeTarget "TableViewCellWidthDemoUITests" */ = {
			isa = XCConfigurationList;
			buildConfigurations = (
				81159739237E399600FDF8C6 /* Debug */,
				8115973A237E399600FDF8C6 /* Release */,
			);
			defaultConfigurationIsVisible = 0;
			defaultConfigurationName = Release;
		};
/* End XCConfigurationList section */
	};
	rootObject = 811596FE237E399500FDF8C6 /* Project object */;
}
